
Microsoft Visual Studio Solution File, Format Version 12.00
# Visual Studio Version 16
VisualStudioVersion = 16.0.810.8
MinimumVisualStudioVersion = 10.0.40219.1
Project("{FAE04EC0-301F-11D3-BF4B-00C04F79EFBC}") = "mcventures-api", "mcventures-api\mcventures-api.csproj", "{4AA794D9-3465-461D-8420-EC39D9FEE2FE}"
EndProject
Global
	GlobalSection(SolutionConfigurationPlatforms) = preSolution
		Debug|Any CPU = Debug|Any CPU
		Release|Any CPU = Release|Any CPU
	EndGlobalSection
	GlobalSection(ProjectConfigurationPlatforms) = postSolution
		{4AA794D9-3465-461D-8420-EC39D9FEE2FE}.Debug|Any CPU.ActiveCfg = Debug|Any CPU
		{4AA794D9-3465-461D-8420-EC39D9FEE2FE}.Debug|Any CPU.Build.0 = Debug|Any CPU
		{4AA794D9-3465-461D-8420-EC39D9FEE2FE}.Release|Any CPU.ActiveCfg = Release|Any CPU
		{4AA794D9-3465-461D-8420-EC39D9FEE2FE}.Release|Any CPU.Build.0 = Release|Any CPU
	EndGlobalSection
	GlobalSection(SolutionProperties) = preSolution
		HideSolutionNode = FALSE
	EndGlobalSection
	GlobalSection(ExtensibilityGlobals) = postSolution
		SolutionGuid = {1EF7FB41-7F0A-404C-83F5-7643162160A5}
	EndGlobalSection
EndGlobal
